// !$*UTF8*$!
{
	archiveVersion = 1;
	classes = {
	};
	objectVersion = 51;
	objects = {

/* Begin PBXBuildFile section */
		C3454D92033D9CB14EDD86BE /* Pods_Demo.framework in Frameworks */ = {isa = PBXBuildFile; fileRef = E627861D598190B410A8CCEE /* Pods_Demo.framework */; };
		DBABD13524D1314C0087B7A0 /* AppDelegate.swift in Sources */ = {isa = PBXBuildFile; fileRef = DBABD13424D1314C0087B7A0 /* AppDelegate.swift */; };
		DBABD13924D1314C0087B7A0 /* TabbarVC.swift in Sources */ = {isa = PBXBuildFile; fileRef = DBABD13824D1314C0087B7A0 /* TabbarVC.swift */; };
		DBABD13C24D1314C0087B7A0 /* Main.storyboard in Resources */ = {isa = PBXBuildFile; fileRef = DBABD13A24D1314C0087B7A0 /* Main.storyboard */; };
		DBABD13E24D1314E0087B7A0 /* Assets.xcassets in Resources */ = {isa = PBXBuildFile; fileRef = DBABD13D24D1314E0087B7A0 /* Assets.xcassets */; };
		DBABD14124D1314E0087B7A0 /* LaunchScreen.storyboard in Resources */ = {isa = PBXBuildFile; fileRef = DBABD13F24D1314E0087B7A0 /* LaunchScreen.storyboard */; };
		DBABD14924D143970087B7A0 /* HomeVC.swift in Sources */ = {isa = PBXBuildFile; fileRef = DBABD14824D143970087B7A0 /* HomeVC.swift */; };
		DBABD14B24D143E20087B7A0 /* CollectionVC.swift in Sources */ = {isa = PBXBuildFile; fileRef = DBABD14A24D143E20087B7A0 /* CollectionVC.swift */; };
		DBABD14D24D144920087B7A0 /* SearchResultVC.swift in Sources */ = {isa = PBXBuildFile; fileRef = DBABD14C24D144920087B7A0 /* SearchResultVC.swift */; };
		DBABD15424D14E170087B7A0 /* ExampleBackgroundContentView.swift in Sources */ = {isa = PBXBuildFile; fileRef = DBABD14F24D14E170087B7A0 /* ExampleBackgroundContentView.swift */; };
		DBABD15524D14E170087B7A0 /* ExampleBouncesContentView.swift in Sources */ = {isa = PBXBuildFile; fileRef = DBABD15024D14E170087B7A0 /* ExampleBouncesContentView.swift */; };
		DBABD15624D14E170087B7A0 /* ExampleBasicContentView.swift in Sources */ = {isa = PBXBuildFile; fileRef = DBABD15124D14E170087B7A0 /* ExampleBasicContentView.swift */; };
		DBABD15724D14E170087B7A0 /* ExampleHighlightableContentView.swift in Sources */ = {isa = PBXBuildFile; fileRef = DBABD15224D14E170087B7A0 /* ExampleHighlightableContentView.swift */; };
		DBABD15824D14E170087B7A0 /* ExampleIrregularityContentView.swift in Sources */ = {isa = PBXBuildFile; fileRef = DBABD15324D14E170087B7A0 /* ExampleIrregularityContentView.swift */; };
		DBABD15B24D154230087B7A0 /* Extensions.swift in Sources */ = {isa = PBXBuildFile; fileRef = DBABD15A24D154230087B7A0 /* Extensions.swift */; };
		DBABD15D24D155AE0087B7A0 /* AlamofireManager.swift in Sources */ = {isa = PBXBuildFile; fileRef = DBABD15C24D155AE0087B7A0 /* AlamofireManager.swift */; };
		DBABD15F24D1563B0087B7A0 /* NVLoadingView.swift in Sources */ = {isa = PBXBuildFile; fileRef = DBABD15E24D1563B0087B7A0 /* NVLoadingView.swift */; };
		DBABD16124D1568F0087B7A0 /* Observable.swift in Sources */ = {isa = PBXBuildFile; fileRef = DBABD16024D1568F0087B7A0 /* Observable.swift */; };
		DBABD16324D156B50087B7A0 /* SearchResultVM.swift in Sources */ = {isa = PBXBuildFile; fileRef = DBABD16224D156B50087B7A0 /* SearchResultVM.swift */; };
		DBABD16524D159600087B7A0 /* SearchResultModel.swift in Sources */ = {isa = PBXBuildFile; fileRef = DBABD16424D159600087B7A0 /* SearchResultModel.swift */; };
		DBABD16724D15D8A0087B7A0 /* SearchResultCell.swift in Sources */ = {isa = PBXBuildFile; fileRef = DBABD16624D15D8A0087B7A0 /* SearchResultCell.swift */; };
		DBABD16A24D27F1F0087B7A0 /* CollectionFooterView.swift in Sources */ = {isa = PBXBuildFile; fileRef = DBABD16824D27F1F0087B7A0 /* CollectionFooterView.swift */; };
		DBABD16B24D27F1F0087B7A0 /* CollectionFooterView.xib in Resources */ = {isa = PBXBuildFile; fileRef = DBABD16924D27F1F0087B7A0 /* CollectionFooterView.xib */; };
		DBABD16D24D2B6340087B7A0 /* AppModel.swift in Sources */ = {isa = PBXBuildFile; fileRef = DBABD16C24D2B6340087B7A0 /* AppModel.swift */; };
		DBABD16F24D2BFE00087B7A0 /* CollectionCell.swift in Sources */ = {isa = PBXBuildFile; fileRef = DBABD16E24D2BFE00087B7A0 /* CollectionCell.swift */; };
		DBB6855024E3BCDA00C7C612 /* HomeModel.swift in Sources */ = {isa = PBXBuildFile; fileRef = DBB6854F24E3BCDA00C7C612 /* HomeModel.swift */; };
		DBED001724E3D80000B66E73 /* CoreData.xcdatamodeld in Sources */ = {isa = PBXBuildFile; fileRef = DBED001524E3D80000B66E73 /* CoreData.xcdatamodeld */; };
		DBED001924E3D8A100B66E73 /* CoreDataConnect.swift in Sources */ = {isa = PBXBuildFile; fileRef = DBED001824E3D8A100B66E73 /* CoreDataConnect.swift */; };
		DBED001B24E3F62C00B66E73 /* CollectionVM.swift in Sources */ = {isa = PBXBuildFile; fileRef = DBED001A24E3F62C00B66E73 /* CollectionVM.swift */; };
/* End PBXBuildFile section */

/* Begin PBXFileReference section */
		3E71FBFC534AB57C99CB2FB0 /* Pods-Demo.release.xcconfig */ = {isa = PBXFileReference; includeInIndex = 1; lastKnownFileType = text.xcconfig; name = "Pods-Demo.release.xcconfig"; path = "Target Support Files/Pods-Demo/Pods-Demo.release.xcconfig"; sourceTree = "<group>"; };
		9E77B5FE9C0FEE187735C265 /* Pods-Demo.debug.xcconfig */ = {isa = PBXFileReference; includeInIndex = 1; lastKnownFileType = text.xcconfig; name = "Pods-Demo.debug.xcconfig"; path = "Target Support Files/Pods-Demo/Pods-Demo.debug.xcconfig"; sourceTree = "<group>"; };
		DBABD13124D1314C0087B7A0 /* Demo.app */ = {isa = PBXFileReference; explicitFileType = wrapper.application; includeInIndex = 0; path = Demo.app; sourceTree = BUILT_PRODUCTS_DIR; };
		DBABD13424D1314C0087B7A0 /* AppDelegate.swift */ = {isa = PBXFileReference; lastKnownFileType = sourcecode.swift; path = AppDelegate.swift; sourceTree = "<group>"; };
		DBABD13824D1314C0087B7A0 /* TabbarVC.swift */ = {isa = PBXFileReference; lastKnownFileType = sourcecode.swift; path = TabbarVC.swift; sourceTree = "<group>"; };
		DBABD13B24D1314C0087B7A0 /* Base */ = {isa = PBXFileReference; lastKnownFileType = file.storyboard; name = Base; path = Base.lproj/Main.storyboard; sourceTree = "<group>"; };
		DBABD13D24D1314E0087B7A0 /* Assets.xcassets */ = {isa = PBXFileReference; lastKnownFileType = folder.assetcatalog; path = Assets.xcassets; sourceTree = "<group>"; };
		DBABD14024D1314E0087B7A0 /* Base */ = {isa = PBXFileReference; lastKnownFileType = file.storyboard; name = Base; path = Base.lproj/LaunchScreen.storyboard; sourceTree = "<group>"; };
		DBABD14224D1314E0087B7A0 /* Info.plist */ = {isa = PBXFileReference; lastKnownFileType = text.plist.xml; path = Info.plist; sourceTree = "<group>"; };
		DBABD14824D143970087B7A0 /* HomeVC.swift */ = {isa = PBXFileReference; lastKnownFileType = sourcecode.swift; path = HomeVC.swift; sourceTree = "<group>"; };
		DBABD14A24D143E20087B7A0 /* CollectionVC.swift */ = {isa = PBXFileReference; lastKnownFileType = sourcecode.swift; path = CollectionVC.swift; sourceTree = "<group>"; };
		DBABD14C24D144920087B7A0 /* SearchResultVC.swift */ = {isa = PBXFileReference; lastKnownFileType = sourcecode.swift; path = SearchResultVC.swift; sourceTree = "<group>"; };
		DBABD14F24D14E170087B7A0 /* ExampleBackgroundContentView.swift */ = {isa = PBXFileReference; fileEncoding = 4; lastKnownFileType = sourcecode.swift; path = ExampleBackgroundContentView.swift; sourceTree = "<group>"; };
		DBABD15024D14E170087B7A0 /* ExampleBouncesContentView.swift */ = {isa = PBXFileReference; fileEncoding = 4; lastKnownFileType = sourcecode.swift; path = ExampleBouncesContentView.swift; sourceTree = "<group>"; };
		DBABD15124D14E170087B7A0 /* ExampleBasicContentView.swift */ = {isa = PBXFileReference; fileEncoding = 4; lastKnownFileType = sourcecode.swift; path = ExampleBasicContentView.swift; sourceTree = "<group>"; };
		DBABD15224D14E170087B7A0 /* ExampleHighlightableContentView.swift */ = {isa = PBXFileReference; fileEncoding = 4; lastKnownFileType = sourcecode.swift; path = ExampleHighlightableContentView.swift; sourceTree = "<group>"; };
		DBABD15324D14E170087B7A0 /* ExampleIrregularityContentView.swift */ = {isa = PBXFileReference; fileEncoding = 4; lastKnownFileType = sourcecode.swift; path = ExampleIrregularityContentView.swift; sourceTree = "<group>"; };
		DBABD15A24D154230087B7A0 /* Extensions.swift */ = {isa = PBXFileReference; fileEncoding = 4; lastKnownFileType = sourcecode.swift; path = Extensions.swift; sourceTree = "<group>"; };
		DBABD15C24D155AE0087B7A0 /* AlamofireManager.swift */ = {isa = PBXFileReference; fileEncoding = 4; lastKnownFileType = sourcecode.swift; path = AlamofireManager.swift; sourceTree = "<group>"; };
		DBABD15E24D1563B0087B7A0 /* NVLoadingView.swift */ = {isa = PBXFileReference; fileEncoding = 4; lastKnownFileType = sourcecode.swift; path = NVLoadingView.swift; sourceTree = "<group>"; };
		DBABD16024D1568F0087B7A0 /* Observable.swift */ = {isa = PBXFileReference; fileEncoding = 4; lastKnownFileType = sourcecode.swift; path = Observable.swift; sourceTree = "<group>"; };
		DBABD16224D156B50087B7A0 /* SearchResultVM.swift */ = {isa = PBXFileReference; lastKnownFileType = sourcecode.swift; path = SearchResultVM.swift; sourceTree = "<group>"; };
		DBABD16424D159600087B7A0 /* SearchResultModel.swift */ = {isa = PBXFileReference; lastKnownFileType = sourcecode.swift; path = SearchResultModel.swift; sourceTree = "<group>"; };
		DBABD16624D15D8A0087B7A0 /* SearchResultCell.swift */ = {isa = PBXFileReference; lastKnownFileType = sourcecode.swift; path = SearchResultCell.swift; sourceTree = "<group>"; };
		DBABD16824D27F1F0087B7A0 /* CollectionFooterView.swift */ = {isa = PBXFileReference; lastKnownFileType = sourcecode.swift; path = CollectionFooterView.swift; sourceTree = "<group>"; };
		DBABD16924D27F1F0087B7A0 /* CollectionFooterView.xib */ = {isa = PBXFileReference; lastKnownFileType = file.xib; path = CollectionFooterView.xib; sourceTree = "<group>"; };
		DBABD16C24D2B6340087B7A0 /* AppModel.swift */ = {isa = PBXFileReference; lastKnownFileType = sourcecode.swift; path = AppModel.swift; sourceTree = "<group>"; };
		DBABD16E24D2BFE00087B7A0 /* CollectionCell.swift */ = {isa = PBXFileReference; lastKnownFileType = sourcecode.swift; path = CollectionCell.swift; sourceTree = "<group>"; };
		DBB6854F24E3BCDA00C7C612 /* HomeModel.swift */ = {isa = PBXFileReference; lastKnownFileType = sourcecode.swift; path = HomeModel.swift; sourceTree = "<group>"; };
		DBED001624E3D80000B66E73 /* CoreData.xcdatamodel */ = {isa = PBXFileReference; lastKnownFileType = wrapper.xcdatamodel; path = CoreData.xcdatamodel; sourceTree = "<group>"; };
		DBED001824E3D8A100B66E73 /* CoreDataConnect.swift */ = {isa = PBXFileReference; fileEncoding = 4; lastKnownFileType = sourcecode.swift; name = CoreDataConnect.swift; path = CoreData.xcdatamodeld/CoreDataConnect.swift; sourceTree = "<group>"; };
		DBED001A24E3F62C00B66E73 /* CollectionVM.swift */ = {isa = PBXFileReference; lastKnownFileType = sourcecode.swift; path = CollectionVM.swift; sourceTree = "<group>"; };
		E627861D598190B410A8CCEE /* Pods_Demo.framework */ = {isa = PBXFileReference; explicitFileType = wrapper.framework; includeInIndex = 0; path = Pods_Demo.framework; sourceTree = BUILT_PRODUCTS_DIR; };
/* End PBXFileReference section */

/* Begin PBXFrameworksBuildPhase section */
		DBABD12E24D1314C0087B7A0 /* Frameworks */ = {
			isa = PBXFrameworksBuildPhase;
			buildActionMask = 2147483647;
			files = (
				C3454D92033D9CB14EDD86BE /* Pods_Demo.framework in Frameworks */,
			);
			runOnlyForDeploymentPostprocessing = 0;
		};
/* End PBXFrameworksBuildPhase section */

/* Begin PBXGroup section */
		6A24386800544A2056D6558C /* Pods */ = {
			isa = PBXGroup;
			children = (
				9E77B5FE9C0FEE187735C265 /* Pods-Demo.debug.xcconfig */,
				3E71FBFC534AB57C99CB2FB0 /* Pods-Demo.release.xcconfig */,
			);
			path = Pods;
			sourceTree = "<group>";
		};
		DBABD12824D1314C0087B7A0 = {
			isa = PBXGroup;
			children = (
				DBABD13324D1314C0087B7A0 /* Demo */,
				DBABD13224D1314C0087B7A0 /* Products */,
				6A24386800544A2056D6558C /* Pods */,
				E03F754074DAE5F90AC07BFD /* Frameworks */,
			);
			sourceTree = "<group>";
		};
		DBABD13224D1314C0087B7A0 /* Products */ = {
			isa = PBXGroup;
			children = (
				DBABD13124D1314C0087B7A0 /* Demo.app */,
			);
			name = Products;
			sourceTree = "<group>";
		};
		DBABD13324D1314C0087B7A0 /* Demo */ = {
			isa = PBXGroup;
			children = (
				DBABD13424D1314C0087B7A0 /* AppDelegate.swift */,
				DBABD16C24D2B6340087B7A0 /* AppModel.swift */,
				DBABD13824D1314C0087B7A0 /* TabbarVC.swift */,
				DBABD17024D2C5E50087B7A0 /* Home */,
				DBABD17224D2C6050087B7A0 /* SearchResult */,
				DBABD17124D2C5F40087B7A0 /* Collection */,
				DBABD17324D2C6230087B7A0 /* Xib */,
				DBABD15924D154030087B7A0 /* ExtendedFunction */,
				DBED001424E3D7AD00B66E73 /* CoreData */,
				DBABD14E24D14E170087B7A0 /* TabbarStyle */,
				DBABD13A24D1314C0087B7A0 /* Main.storyboard */,
				DBABD13F24D1314E0087B7A0 /* LaunchScreen.storyboard */,
				DBABD13D24D1314E0087B7A0 /* Assets.xcassets */,
				DBABD14224D1314E0087B7A0 /* Info.plist */,
			);
			path = Demo;
			sourceTree = "<group>";
		};
		DBABD14E24D14E170087B7A0 /* TabbarStyle */ = {
			isa = PBXGroup;
			children = (
				DBABD14F24D14E170087B7A0 /* ExampleBackgroundContentView.swift */,
				DBABD15024D14E170087B7A0 /* ExampleBouncesContentView.swift */,
				DBABD15124D14E170087B7A0 /* ExampleBasicContentView.swift */,
				DBABD15224D14E170087B7A0 /* ExampleHighlightableContentView.swift */,
				DBABD15324D14E170087B7A0 /* ExampleIrregularityContentView.swift */,
			);
			path = TabbarStyle;
			sourceTree = "<group>";
		};
		DBABD15924D154030087B7A0 /* ExtendedFunction */ = {
			isa = PBXGroup;
			children = (
				DBABD15C24D155AE0087B7A0 /* AlamofireManager.swift */,
				DBABD15E24D1563B0087B7A0 /* NVLoadingView.swift */,
				DBABD15A24D154230087B7A0 /* Extensions.swift */,
				DBABD16024D1568F0087B7A0 /* Observable.swift */,
			);
			path = ExtendedFunction;
			sourceTree = "<group>";
		};
		DBABD17024D2C5E50087B7A0 /* Home */ = {
			isa = PBXGroup;
			children = (
				DBED001C24E3FE7800B66E73 /* View */,
				DBED001D24E3FE8100B66E73 /* Model */,
			);
			path = Home;
			sourceTree = "<group>";
		};
		DBABD17124D2C5F40087B7A0 /* Collection */ = {
			isa = PBXGroup;
			children = (
				DBED001F24E3FEB400B66E73 /* View */,
				DBED001E24E3FE9F00B66E73 /* View Model */,
			);
			path = Collection;
			sourceTree = "<group>";
		};
		DBABD17224D2C6050087B7A0 /* SearchResult */ = {
			isa = PBXGroup;
			children = (
				DBB6854C24E3BAF700C7C612 /* View */,
				DBB6854D24E3BB0C00C7C612 /* View Model */,
				DBB6854E24E3BB1C00C7C612 /* Model */,
			);
			path = SearchResult;
			sourceTree = "<group>";
		};
		DBABD17324D2C6230087B7A0 /* Xib */ = {
			isa = PBXGroup;
			children = (
				DBABD16824D27F1F0087B7A0 /* CollectionFooterView.swift */,
				DBABD16924D27F1F0087B7A0 /* CollectionFooterView.xib */,
			);
			path = Xib;
			sourceTree = "<group>";
		};
		DBB6854C24E3BAF700C7C612 /* View */ = {
			isa = PBXGroup;
			children = (
				DBABD14C24D144920087B7A0 /* SearchResultVC.swift */,
				DBABD16624D15D8A0087B7A0 /* SearchResultCell.swift */,
			);
			path = View;
			sourceTree = "<group>";
		};
		DBB6854D24E3BB0C00C7C612 /* View Model */ = {
			isa = PBXGroup;
			children = (
				DBABD16224D156B50087B7A0 /* SearchResultVM.swift */,
			);
			path = "View Model";
			sourceTree = "<group>";
		};
		DBB6854E24E3BB1C00C7C612 /* Model */ = {
			isa = PBXGroup;
			children = (
				DBABD16424D159600087B7A0 /* SearchResultModel.swift */,
			);
			path = Model;
			sourceTree = "<group>";
		};
		DBED001424E3D7AD00B66E73 /* CoreData */ = {
			isa = PBXGroup;
			children = (
				DBED001524E3D80000B66E73 /* CoreData.xcdatamodeld */,
				DBED001824E3D8A100B66E73 /* CoreDataConnect.swift */,
			);
			path = CoreData;
			sourceTree = "<group>";
		};
		DBED001C24E3FE7800B66E73 /* View */ = {
			isa = PBXGroup;
			children = (
				DBABD14824D143970087B7A0 /* HomeVC.swift */,
			);
			path = View;
			sourceTree = "<group>";
		};
		DBED001D24E3FE8100B66E73 /* Model */ = {
			isa = PBXGroup;
			children = (
				DBB6854F24E3BCDA00C7C612 /* HomeModel.swift */,
			);
			path = Model;
			sourceTree = "<group>";
		};
		DBED001E24E3FE9F00B66E73 /* View Model */ = {
			isa = PBXGroup;
			children = (
				DBED001A24E3F62C00B66E73 /* CollectionVM.swift */,
			);
			path = "View Model";
			sourceTree = "<group>";
		};
		DBED001F24E3FEB400B66E73 /* View */ = {
			isa = PBXGroup;
			children = (
				DBABD14A24D143E20087B7A0 /* CollectionVC.swift */,
				DBABD16E24D2BFE00087B7A0 /* CollectionCell.swift */,
			);
			path = View;
			sourceTree = "<group>";
		};
		E03F754074DAE5F90AC07BFD /* Frameworks */ = {
			isa = PBXGroup;
			children = (
				E627861D598190B410A8CCEE /* Pods_Demo.framework */,
			);
			name = Frameworks;
			sourceTree = "<group>";
		};
/* End PBXGroup section */

/* Begin PBXNativeTarget section */
		DBABD13024D1314C0087B7A0 /* Demo */ = {
			isa = PBXNativeTarget;
			buildConfigurationList = DBABD14524D1314E0087B7A0 /* Build configuration list for PBXNativeTarget "Demo" */;
			buildPhases = (
				7596C13D64116ACC7F330CA5 /* [CP] Check Pods Manifest.lock */,
				DBABD12D24D1314C0087B7A0 /* Sources */,
				DBABD12E24D1314C0087B7A0 /* Frameworks */,
				DBABD12F24D1314C0087B7A0 /* Resources */,
				57861BB380C788D6206545CA /* [CP] Embed Pods Frameworks */,
			);
			buildRules = (
			);
			dependencies = (
			);
			name = Demo;
			productName = Demo;
			productReference = DBABD13124D1314C0087B7A0 /* Demo.app */;
			productType = "com.apple.product-type.application";
		};
/* End PBXNativeTarget section */

/* Begin PBXProject section */
		DBABD12924D1314C0087B7A0 /* Project object */ = {
			isa = PBXProject;
			attributes = {
				LastSwiftUpdateCheck = 1140;
				LastUpgradeCheck = 1140;
				ORGANIZATIONNAME = "HellöM";
				TargetAttributes = {
					DBABD13024D1314C0087B7A0 = {
						CreatedOnToolsVersion = 11.4;
					};
				};
			};
			buildConfigurationList = DBABD12C24D1314C0087B7A0 /* Build configuration list for PBXProject "Demo" */;
			compatibilityVersion = "Xcode 9.3";
			developmentRegion = en;
			hasScannedForEncodings = 0;
			knownRegions = (
				en,
				Base,
			);
			mainGroup = DBABD12824D1314C0087B7A0;
			productRefGroup = DBABD13224D1314C0087B7A0 /* Products */;
			projectDirPath = "";
			projectRoot = "";
			targets = (
				DBABD13024D1314C0087B7A0 /* Demo */,
			);
		};
/* End PBXProject section */

/* Begin PBXResourcesBuildPhase section */
		DBABD12F24D1314C0087B7A0 /* Resources */ = {
			isa = PBXResourcesBuildPhase;
			buildActionMask = 2147483647;
			files = (
				DBABD14124D1314E0087B7A0 /* LaunchScreen.storyboard in Resources */,
				DBABD13E24D1314E0087B7A0 /* Assets.xcassets in Resources */,
				DBABD13C24D1314C0087B7A0 /* Main.storyboard in Resources */,
				DBABD16B24D27F1F0087B7A0 /* CollectionFooterView.xib in Resources */,
			);
			runOnlyForDeploymentPostprocessing = 0;
		};
/* End PBXResourcesBuildPhase section */

/* Begin PBXShellScriptBuildPhase section */
		57861BB380C788D6206545CA /* [CP] Embed Pods Frameworks */ = {
			isa = PBXShellScriptBuildPhase;
			buildActionMask = 2147483647;
			files = (
			);
			inputFileListPaths = (
				"${PODS_ROOT}/Target Support Files/Pods-Demo/Pods-Demo-frameworks-${CONFIGURATION}-input-files.xcfilelist",
			);
			name = "[CP] Embed Pods Frameworks";
			outputFileListPaths = (
				"${PODS_ROOT}/Target Support Files/Pods-Demo/Pods-Demo-frameworks-${CONFIGURATION}-output-files.xcfilelist",
			);
			runOnlyForDeploymentPostprocessing = 0;
			shellPath = /bin/sh;
			shellScript = "\"${PODS_ROOT}/Target Support Files/Pods-Demo/Pods-Demo-frameworks.sh\"\n";
			showEnvVarsInLog = 0;
		};
		7596C13D64116ACC7F330CA5 /* [CP] Check Pods Manifest.lock */ = {
			isa = PBXShellScriptBuildPhase;
			buildActionMask = 2147483647;
			files = (
			);
			inputFileListPaths = (
			);
			inputPaths = (
				"${PODS_PODFILE_DIR_PATH}/Podfile.lock",
				"${PODS_ROOT}/Manifest.lock",
			);
			name = "[CP] Check Pods Manifest.lock";
			outputFileListPaths = (
			);
			outputPaths = (
				"$(DERIVED_FILE_DIR)/Pods-Demo-checkManifestLockResult.txt",
			);
			runOnlyForDeploymentPostprocessing = 0;
			shellPath = /bin/sh;
			shellScript = "diff \"${PODS_PODFILE_DIR_PATH}/Podfile.lock\" \"${PODS_ROOT}/Manifest.lock\" > /dev/null\nif [ $? != 0 ] ; then\n    # print error to STDERR\n    echo \"error: The sandbox is not in sync with the Podfile.lock. Run 'pod install' or update your CocoaPods installation.\" >&2\n    exit 1\nfi\n# This output is used by Xcode 'outputs' to avoid re-running this script phase.\necho \"SUCCESS\" > \"${SCRIPT_OUTPUT_FILE_0}\"\n";
			showEnvVarsInLog = 0;
		};
/* End PBXShellScriptBuildPhase section */

/* Begin PBXSourcesBuildPhase section */
		DBABD12D24D1314C0087B7A0 /* Sources */ = {
			isa = PBXSourcesBuildPhase;
			buildActionMask = 2147483647;
			files = (
				DBABD14924D143970087B7A0 /* HomeVC.swift in Sources */,
				DBABD13924D1314C0087B7A0 /* TabbarVC.swift in Sources */,
				DBABD15724D14E170087B7A0 /* ExampleHighlightableContentView.swift in Sources */,
				DBABD14B24D143E20087B7A0 /* CollectionVC.swift in Sources */,
				DBABD16524D159600087B7A0 /* SearchResultModel.swift in Sources */,
				DBABD16A24D27F1F0087B7A0 /* CollectionFooterView.swift in Sources */,
				DBABD15D24D155AE0087B7A0 /* AlamofireManager.swift in Sources */,
				DBABD16724D15D8A0087B7A0 /* SearchResultCell.swift in Sources */,
				DBABD15824D14E170087B7A0 /* ExampleIrregularityContentView.swift in Sources */,
				DBABD16324D156B50087B7A0 /* SearchResultVM.swift in Sources */,
				DBABD15524D14E170087B7A0 /* ExampleBouncesContentView.swift in Sources */,
				DBABD16D24D2B6340087B7A0 /* AppModel.swift in Sources */,
				DBED001B24E3F62C00B66E73 /* CollectionVM.swift in Sources */,
				DBABD15F24D1563B0087B7A0 /* NVLoadingView.swift in Sources */,
				DBABD15624D14E170087B7A0 /* ExampleBasicContentView.swift in Sources */,
				DBED001724E3D80000B66E73 /* CoreData.xcdatamodeld in Sources */,
				DBABD13524D1314C0087B7A0 /* AppDelegate.swift in Sources */,
				DBABD16124D1568F0087B7A0 /* Observable.swift in Sources */,
				DBABD14D24D144920087B7A0 /* SearchResultVC.swift in Sources */,
				DBB6855024E3BCDA00C7C612 /* HomeModel.swift in Sources */,
				DBABD15B24D154230087B7A0 /* Extensions.swift in Sources */,
				DBABD15424D14E170087B7A0 /* ExampleBackgroundContentView.swift in Sources */,
				DBED001924E3D8A100B66E73 /* CoreDataConnect.swift in Sources */,
				DBABD16F24D2BFE00087B7A0 /* CollectionCell.swift in Sources */,
			);
			runOnlyForDeploymentPostprocessing = 0;
		};
/* End PBXSourcesBuildPhase section */

/* Begin PBXVariantGroup section */
		DBABD13A24D1314C0087B7A0 /* Main.storyboard */ = {
			isa = PBXVariantGroup;
			children = (
				DBABD13B24D1314C0087B7A0 /* Base */,
			);
			name = Main.storyboard;
			sourceTree = "<group>";
		};
		DBABD13F24D1314E0087B7A0 /* LaunchScreen.storyboard */ = {
			isa = PBXVariantGroup;
			children = (
				DBABD14024D1314E0087B7A0 /* Base */,
			);
			name = LaunchScreen.storyboard;
			sourceTree = "<group>";
		};
/* End PBXVariantGroup section */

/* Begin XCBuildConfiguration section */
		DBABD14324D1314E0087B7A0 /* Debug */ = {
			isa = XCBuildConfiguration;
			buildSettings = {
				ALWAYS_SEARCH_USER_PATHS = NO;
				CLANG_ANALYZER_NONNULL = YES;
				CLANG_ANALYZER_NUMBER_OBJECT_CONVERSION = YES_AGGRESSIVE;
				CLANG_CXX_LANGUAGE_STANDARD = "gnu++14";
				CLANG_CXX_LIBRARY = "libc++";
				CLANG_ENABLE_MODULES = YES;
				CLANG_ENABLE_OBJC_ARC = YES;
				CLANG_ENABLE_OBJC_WEAK = YES;
				CLANG_WARN_BLOCK_CAPTURE_AUTORELEASING = YES;
				CLANG_WARN_BOOL_CONVERSION = YES;
				CLANG_WARN_COMMA = YES;
				CLANG_WARN_CONSTANT_CONVERSION = YES;
				CLANG_WARN_DEPRECATED_OBJC_IMPLEMENTATIONS = YES;
				CLANG_WARN_DIRECT_OBJC_ISA_USAGE = YES_ERROR;
				CLANG_WARN_DOCUMENTATION_COMMENTS = YES;
				CLANG_WARN_EMPTY_BODY = YES;
				CLANG_WARN_ENUM_CONVERSION = YES;
				CLANG_WARN_INFINITE_RECURSION = YES;
				CLANG_WARN_INT_CONVERSION = YES;
				CLANG_WARN_NON_LITERAL_NULL_CONVERSION = YES;
				CLANG_WARN_OBJC_IMPLICIT_RETAIN_SELF = YES;
				CLANG_WARN_OBJC_LITERAL_CONVERSION = YES;
				CLANG_WARN_OBJC_ROOT_CLASS = YES_ERROR;
				CLANG_WARN_RANGE_LOOP_ANALYSIS = YES;
				CLANG_WARN_STRICT_PROTOTYPES = YES;
				CLANG_WARN_SUSPICIOUS_MOVE = YES;
				CLANG_WARN_UNGUARDED_AVAILABILITY = YES_AGGRESSIVE;
				CLANG_WARN_UNREACHABLE_CODE = YES;
				CLANG_WARN__DUPLICATE_METHOD_MATCH = YES;
				COPY_PHASE_STRIP = NO;
				DEBUG_INFORMATION_FORMAT = dwarf;
				ENABLE_STRICT_OBJC_MSGSEND = YES;
				ENABLE_TESTABILITY = YES;
				GCC_C_LANGUAGE_STANDARD = gnu11;
				GCC_DYNAMIC_NO_PIC = NO;
				GCC_NO_COMMON_BLOCKS = YES;
				GCC_OPTIMIZATION_LEVEL = 0;
				GCC_PREPROCESSOR_DEFINITIONS = (
					"DEBUG=1",
					"$(inherited)",
				);
				GCC_WARN_64_TO_32_BIT_CONVERSION = YES;
				GCC_WARN_ABOUT_RETURN_TYPE = YES_ERROR;
				GCC_WARN_UNDECLARED_SELECTOR = YES;
				GCC_WARN_UNINITIALIZED_AUTOS = YES_AGGRESSIVE;
				GCC_WARN_UNUSED_FUNCTION = YES;
				GCC_WARN_UNUSED_VARIABLE = YES;
				IPHONEOS_DEPLOYMENT_TARGET = 13.4;
				MTL_ENABLE_DEBUG_INFO = INCLUDE_SOURCE;
				MTL_FAST_MATH = YES;
				ONLY_ACTIVE_ARCH = YES;
				SDKROOT = iphoneos;
				SWIFT_ACTIVE_COMPILATION_CONDITIONS = DEBUG;
				SWIFT_OPTIMIZATION_LEVEL = "-Onone";
			};
			name = Debug;
		};
		DBABD14424D1314E0087B7A0 /* Release */ = {
			isa = XCBuildConfiguration;
			buildSettings = {
				ALWAYS_SEARCH_USER_PATHS = NO;
				CLANG_ANALYZER_NONNULL = YES;
				CLANG_ANALYZER_NUMBER_OBJECT_CONVERSION = YES_AGGRESSIVE;
				CLANG_CXX_LANGUAGE_STANDARD = "gnu++14";
				CLANG_CXX_LIBRARY = "libc++";
				CLANG_ENABLE_MODULES = YES;
				CLANG_ENABLE_OBJC_ARC = YES;
				CLANG_ENABLE_OBJC_WEAK = YES;
				CLANG_WARN_BLOCK_CAPTURE_AUTORELEASING = YES;
				CLANG_WARN_BOOL_CONVERSION = YES;
				CLANG_WARN_COMMA = YES;
				CLANG_WARN_CONSTANT_CONVERSION = YES;
				CLANG_WARN_DEPRECATED_OBJC_IMPLEMENTATIONS = YES;
				CLANG_WARN_DIRECT_OBJC_ISA_USAGE = YES_ERROR;
				CLANG_WARN_DOCUMENTATION_COMMENTS = YES;
				CLANG_WARN_EMPTY_BODY = YES;
				CLANG_WARN_ENUM_CONVERSION = YES;
				CLANG_WARN_INFINITE_RECURSION = YES;
				CLANG_WARN_INT_CONVERSION = YES;
				CLANG_WARN_NON_LITERAL_NULL_CONVERSION = YES;
				CLANG_WARN_OBJC_IMPLICIT_RETAIN_SELF = YES;
				CLANG_WARN_OBJC_LITERAL_CONVERSION = YES;
				CLANG_WARN_OBJC_ROOT_CLASS = YES_ERROR;
				CLANG_WARN_RANGE_LOOP_ANALYSIS = YES;
				CLANG_WARN_STRICT_PROTOTYPES = YES;
				CLANG_WARN_SUSPICIOUS_MOVE = YES;
				CLANG_WARN_UNGUARDED_AVAILABILITY = YES_AGGRESSIVE;
				CLANG_WARN_UNREACHABLE_CODE = YES;
				CLANG_WARN__DUPLICATE_METHOD_MATCH = YES;
				COPY_PHASE_STRIP = NO;
				DEBUG_INFORMATION_FORMAT = "dwarf-with-dsym";
				ENABLE_NS_ASSERTIONS = NO;
				ENABLE_STRICT_OBJC_MSGSEND = YES;
				GCC_C_LANGUAGE_STANDARD = gnu11;
				GCC_NO_COMMON_BLOCKS = YES;
				GCC_WARN_64_TO_32_BIT_CONVERSION = YES;
				GCC_WARN_ABOUT_RETURN_TYPE = YES_ERROR;
				GCC_WARN_UNDECLARED_SELECTOR = YES;
				GCC_WARN_UNINITIALIZED_AUTOS = YES_AGGRESSIVE;
				GCC_WARN_UNUSED_FUNCTION = YES;
				GCC_WARN_UNUSED_VARIABLE = YES;
				IPHONEOS_DEPLOYMENT_TARGET = 13.4;
				MTL_ENABLE_DEBUG_INFO = NO;
				MTL_FAST_MATH = YES;
				SDKROOT = iphoneos;
				SWIFT_COMPILATION_MODE = wholemodule;
				SWIFT_OPTIMIZATION_LEVEL = "-O";
				VALIDATE_PRODUCT = YES;
			};
			name = Release;
		};
		DBABD14624D1314E0087B7A0 /* Debug */ = {
			isa = XCBuildConfiguration;
			baseConfigurationReference = 9E77B5FE9C0FEE187735C265 /* Pods-Demo.debug.xcconfig */;
			buildSettings = {
				ASSETCATALOG_COMPILER_APPICON_NAME = AppIcon;
				CODE_SIGN_STYLE = Automatic;
				DEVELOPMENT_TEAM = H2YY9QHDYC;
				INFOPLIST_FILE = Demo/Info.plist;
				IPHONEOS_DEPLOYMENT_TARGET = 11.0;
				LD_RUNPATH_SEARCH_PATHS = (
					"$(inherited)",
					"@executable_path/Frameworks",
				);
				PRODUCT_BUNDLE_IDENTIFIER = uuu.com.Demo;
				PRODUCT_NAME = "$(TARGET_NAME)";
				SWIFT_VERSION = 5.0;
				TARGETED_DEVICE_FAMILY = "1,2";
			};
			name = Debug;
		};
		DBABD14724D1314E0087B7A0 /* Release */ = {
			isa = XCBuildConfiguration;
			baseConfigurationReference = 3E71FBFC534AB57C99CB2FB0 /* Pods-Demo.release.xcconfig */;
			buildSettings = {
				ASSETCATALOG_COMPILER_APPICON_NAME = AppIcon;
				CODE_SIGN_STYLE = Automatic;
				DEVELOPMENT_TEAM = H2YY9QHDYC;
				INFOPLIST_FILE = Demo/Info.plist;
				IPHONEOS_DEPLOYMENT_TARGET = 11.0;
				LD_RUNPATH_SEARCH_PATHS = (
					"$(inherited)",
					"@executable_path/Frameworks",
				);
				PRODUCT_BUNDLE_IDENTIFIER = uuu.com.Demo;
				PRODUCT_NAME = "$(TARGET_NAME)";
				SWIFT_VERSION = 5.0;
				TARGETED_DEVICE_FAMILY = "1,2";
			};
			name = Release;
		};
/* End XCBuildConfiguration section */

/* Begin XCConfigurationList section */
		DBABD12C24D1314C0087B7A0 /* Build configuration list for PBXProject "Demo" */ = {
			isa = XCConfigurationList;
			buildConfigurations = (
				DBABD14324D1314E0087B7A0 /* Debug */,
				DBABD14424D1314E0087B7A0 /* Release */,
			);
			defaultConfigurationIsVisible = 0;
			defaultConfigurationName = Release;
		};
		DBABD14524D1314E0087B7A0 /* Build configuration list for PBXNativeTarget "Demo" */ = {
			isa = XCConfigurationList;
			buildConfigurations = (
				DBABD14624D1314E0087B7A0 /* Debug */,
				DBABD14724D1314E0087B7A0 /* Release */,
			);
			defaultConfigurationIsVisible = 0;
			defaultConfigurationName = Release;
		};
/* End XCConfigurationList section */

/* Begin XCVersionGroup section */
		DBED001524E3D80000B66E73 /* CoreData.xcdatamodeld */ = {
			isa = XCVersionGroup;
			children = (
				DBED001624E3D80000B66E73 /* CoreData.xcdatamodel */,
			);
			currentVersion = DBED001624E3D80000B66E73 /* CoreData.xcdatamodel */;
			path = CoreData.xcdatamodeld;
			sourceTree = "<group>";
			versionGroupType = wrapper.xcdatamodel;
		};
/* End XCVersionGroup section */
	};
	rootObject = DBABD12924D1314C0087B7A0 /* Project object */;
}
